{
  "name": "konomitv-bs4k-acp",
  "lockfileVersion": 3,
  "requires": true,
  "packages": {
    "": {
      "name": "konomitv-bs4k-acp",
      "dependencies": {
        "@agentclientprotocol/codex-acp": "1.1.7",
        "@google/gemini-cli": "0.52.0",
        "@openai/codex": "0.145.0",
        "@xai-official/grok": "0.2.112"
      }
    },
    "node_modules/@agentclientprotocol/codex-acp": {
      "version": "1.1.7",
      "resolved": "https://registry.npmjs.org/@agentclientprotocol/codex-acp/-/codex-acp-1.1.7.tgz",
      "integrity": "sha512-bhFLbGtOMEw6+PAp33vNERb6dXlULOfV3mWbRdps4v7sY7PHha/C2T1dnlG0yVcvBu9W+NYPzL0CAupnVoFTiQ==",
      "license": "Apache-2.0",
      "dependencies": {
        "@agentclientprotocol/sdk": "^1.3.0",
        "@openai/codex": "^0.145.0",
        "diff": "^9.0.0",
        "open": "^11.0.0",
        "vscode-jsonrpc": "^9.0.1",
        "zod": "^4.0.0"
      },
      "bin": {
        "codex-acp": "dist/index.js"
      }
    },
    "node_modules/@agentclientprotocol/sdk": {
      "version": "1.3.0",
      "resolved": "https://registry.npmjs.org/@agentclientprotocol/sdk/-/sdk-1.3.0.tgz",
      "integrity": "sha512-i3h/efaeuMUFAO1HSfo97QZQnnvMd7wWBYtBsdL6UMZg3a78sk3Ffya5Xu7C7tYsXomXoDXJBAzQF2PcFKAhIQ==",
      "license": "Apache-2.0",
      "peerDependencies": {
        "zod": "^3.25.0 || ^4.0.0"
      }
    },
    "node_modules/@github/keytar": {
      "version": "7.10.6",
      "resolved": "https://registry.npmjs.org/@github/keytar/-/keytar-7.10.6.tgz",
      "integrity": "sha512-mRW6cUsSG+nj4jp5gp8e91zPySaT73r+2JM6VyMZfrEgksjPmjSMr+tPGNOK3HUHV+GUU9B1LAiiYy/wmAnIxA==",
      "hasInstallScript": true,
      "license": "MIT",
      "optional": true,
      "dependencies": {
        "node-addon-api": "^8.3.0"
      }
    },
    "node_modules/@google/gemini-cli": {
      "version": "0.52.0",
      "resolved": "https://registry.npmjs.org/@google/gemini-cli/-/gemini-cli-0.52.0.tgz",
      "integrity": "sha512-/6FvfvlcsOJtn3NAgTp5/ca9xS6nmat4otQ+NEVoT6lovmI2N5jHxtBqGtjLUo+cvBfGgtR2WmkCPxxpHjr61Q==",
      "license": "Apache-2.0",
      "bin": {
        "gemini": "bundle/gemini.js"
      },
      "engines": {
        "node": ">=20"
      },
      "optionalDependencies": {
        "@github/keytar": "7.10.6",
        "@lydell/node-pty": "1.1.0",
        "@lydell/node-pty-darwin-arm64": "1.1.0",
        "@lydell/node-pty-darwin-x64": "1.1.0",
        "@lydell/node-pty-linux-x64": "1.1.0",
        "@lydell/node-pty-win32-arm64": "1.1.0",
        "@lydell/node-pty-win32-x64": "1.1.0",
        "node-pty": "1.0.0"
      }
    },
    "node_modules/@iarna/toml": {
      "version": "3.0.0",
      "resolved": "https://registry.npmjs.org/@iarna/toml/-/toml-3.0.0.tgz",
      "integrity": "sha512-td6ZUkz2oS3VeleBcN+m//Q6HlCFCPrnI0FZhrt/h4XqLEdOyYp2u21nd8MdsR+WJy5r9PTDaHTDDfhf4H4l6Q=="
    },
    "node_modules/@lydell/node-pty": {
      "version": "1.1.0",
      "resolved": "https://registry.npmjs.org/@lydell/node-pty/-/node-pty-1.1.0.tgz",
      "integrity": "sha512-VDD8LtlMTOrPKWMXUAcB9+LTktzuunqrMwkYR1DMRBkS6LQrCt+0/Ws1o2rMml/n3guePpS7cxhHF7Nm5K4iMw==",
      "license": "MIT",
      "optional": true,
      "optionalDependencies": {
        "@lydell/node-pty-darwin-arm64": "1.1.0",
        "@lydell/node-pty-darwin-x64": "1.1.0",
        "@lydell/node-pty-linux-arm64": "1.1.0",
        "@lydell/node-pty-linux-x64": "1.1.0",
        "@lydell/node-pty-win32-arm64": "1.1.0",
        "@lydell/node-pty-win32-x64": "1.1.0"
      }
    },
    "node_modules/@lydell/node-pty-darwin-arm64": {
      "version": "1.1.0",
      "resolved": "https://registry.npmjs.org/@lydell/node-pty-darwin-arm64/-/node-pty-darwin-arm64-1.1.0.tgz",
      "integrity": "sha512-7kFD+owAA61qmhJCtoMbqj3Uvff3YHDiU+4on5F2vQdcMI3MuwGi7dM6MkFG/yuzpw8LF2xULpL71tOPUfxs0w==",
      "cpu": [
        "arm64"
      ],
      "license": "MIT",
      "optional": true,
      "os": [
        "darwin"
      ]
    },
    "node_modules/@lydell/node-pty-darwin-x64": {
      "version": "1.1.0",
      "resolved": "https://registry.npmjs.org/@lydell/node-pty-darwin-x64/-/node-pty-darwin-x64-1.1.0.tgz",
      "integrity": "sha512-XZdvqj5FjAMjH8bdp0YfaZjur5DrCIDD1VYiE9EkkYVMDQqRUPHYV3U8BVEQVT9hYfjmpr7dNaELF2KyISWSNA==",
      "cpu": [
        "x64"
      ],
      "license": "MIT",
      "optional": true,
      "os": [
        "darwin"
      ]
    },
    "node_modules/@lydell/node-pty-linux-arm64": {
      "version": "1.1.0",
      "resolved": "https://registry.npmjs.org/@lydell/node-pty-linux-arm64/-/node-pty-linux-arm64-1.1.0.tgz",
      "integrity": "sha512-yyDBmalCfHpLiQMT2zyLcqL2Fay4Xy7rIs8GH4dqKLnEviMvPGOK7LADVkKAsbsyXBSISL3Lt1m1MtxhPH6ckg==",
      "cpu": [
        "arm64"
      ],
      "license": "MIT",
      "optional": true,
      "os": [
        "linux"
      ]
    },
    "node_modules/@lydell/node-pty-linux-x64": {
      "version": "1.1.0",
      "resolved": "https://registry.npmjs.org/@lydell/node-pty-linux-x64/-/node-pty-linux-x64-1.1.0.tgz",
      "integrity": "sha512-NcNqRTD14QT+vXcEuqSSvmWY+0+WUBn2uRE8EN0zKtDpIEr9d+YiFj16Uqds6QfcLCHfZmC+Ls7YzwTaqDnanA==",
      "cpu": [
        "x64"
      ],
      "license": "MIT",
      "optional": true,
      "os": [
        "linux"
      ]
    },
    "node_modules/@lydell/node-pty-win32-arm64": {
      "version": "1.1.0",
      "resolved": "https://registry.npmjs.org/@lydell/node-pty-win32-arm64/-/node-pty-win32-arm64-1.1.0.tgz",
      "integrity": "sha512-JOMbCou+0fA7d/m97faIIfIU0jOv8sn2OR7tI45u3AmldKoKoLP8zHY6SAvDDnI3fccO1R2HeR1doVjpS7HM0w==",
      "cpu": [
        "arm64"
      ],
      "license": "MIT",
      "optional": true,
      "os": [
        "win32"
      ]
    },
    "node_modules/@lydell/node-pty-win32-x64": {
      "version": "1.1.0",
      "resolved": "https://registry.npmjs.org/@lydell/node-pty-win32-x64/-/node-pty-win32-x64-1.1.0.tgz",
      "integrity": "sha512-3N56BZ+WDFnUMYRtsrr7Ky2mhWGl9xXcyqR6cexfuCqcz9RNWL+KoXRv/nZylY5dYaXkft4JaR1uVu+roiZDAw==",
      "cpu": [
        "x64"
      ],
      "license": "MIT",
      "optional": true,
      "os": [
        "win32"
      ]
    },
    "node_modules/@openai/codex": {
      "version": "0.145.0",
      "resolved": "https://registry.npmjs.org/@openai/codex/-/codex-0.145.0.tgz",
      "integrity": "sha512-/PSPSFujjjmiyVFvG2yu/grOFhsWdokTH8t2KGWhXSo/M5n/dIDsnbsnO82/7bLtIoDuzQf7ATBUMWqPWQINlQ==",
      "license": "Apache-2.0",
      "bin": {
        "codex": "bin/codex.js"
      },
      "engines": {
        "node": ">=16"
      },
      "optionalDependencies": {
        "@openai/codex-darwin-arm64": "npm:@openai/codex@0.145.0-darwin-arm64",
        "@openai/codex-darwin-x64": "npm:@openai/codex@0.145.0-darwin-x64",
        "@openai/codex-linux-arm64": "npm:@openai/codex@0.145.0-linux-arm64",
        "@openai/codex-linux-x64": "npm:@openai/codex@0.145.0-linux-x64",
        "@openai/codex-win32-arm64": "npm:@openai/codex@0.145.0-win32-arm64",
        "@openai/codex-win32-x64": "npm:@openai/codex@0.145.0-win32-x64"
      }
    },
    "node_modules/@openai/codex-darwin-arm64": {
      "name": "@openai/codex",
      "version": "0.145.0-darwin-arm64",
      "resolved": "https://registry.npmjs.org/@openai/codex/-/codex-0.145.0-darwin-arm64.tgz",
      "integrity": "sha512-h6aQ0UxnaP8mIM/9/qPAH9MNkRliJo88toq1T36IxNM2L5JSU0TFamu+MZn7YkFgDsrp0RfiI+97Tm8AVVxqtA==",
      "cpu": [
        "arm64"
      ],
      "license": "Apache-2.0",
      "optional": true,
      "os": [
        "darwin"
      ],
      "engines": {
        "node": ">=16"
      }
    },
    "node_modules/@openai/codex-darwin-x64": {
      "name": "@openai/codex",
      "version": "0.145.0-darwin-x64",
      "resolved": "https://registry.npmjs.org/@openai/codex/-/codex-0.145.0-darwin-x64.tgz",
      "integrity": "sha512-FCYzVKCa9VoLtg9gVyzKpqylonfgZrfcWZN6HsXAZPeuo8CukdMqdgTUOhDn2V6h3MbqS0z6VqQVKUllN/yKhA==",
      "cpu": [
        "x64"
      ],
      "license": "Apache-2.0",
      "optional": true,
      "os": [
        "darwin"
      ],
      "engines": {
        "node": ">=16"
      }
    },
    "node_modules/@openai/codex-linux-arm64": {
      "name": "@openai/codex",
      "version": "0.145.0-linux-arm64",
      "resolved": "https://registry.npmjs.org/@openai/codex/-/codex-0.145.0-linux-arm64.tgz",
      "integrity": "sha512-8OLcPXaAol/FOrRoDxWhIiHIFa73KRsM41EKocjRZOwiT4TcelzJWn3dHyiuSb7teWF25rrslvSPyvhULYRRCQ==",
      "cpu": [
        "arm64"
      ],
      "license": "Apache-2.0",
      "optional": true,
      "os": [
        "linux"
      ],
      "engines": {
        "node": ">=16"
      }
    },
    "node_modules/@openai/codex-linux-x64": {
      "name": "@openai/codex",
      "version": "0.145.0-linux-x64",
      "resolved": "https://registry.npmjs.org/@openai/codex/-/codex-0.145.0-linux-x64.tgz",
      "integrity": "sha512-u8w8LLv3DvsfrDCoswLIemZ0SoNEXyi511WsfFsSiYUazk9qMsB/NtU8N9vhAfN7mZAxLFoMex4v66JjHuZWwA==",
      "cpu": [
        "x64"
      ],
      "license": "Apache-2.0",
      "optional": true,
      "os": [
        "linux"
      ],
      "engines": {
        "node": ">=16"
      }
    },
    "node_modules/@openai/codex-win32-arm64": {
      "name": "@openai/codex",
      "version": "0.145.0-win32-arm64",
      "resolved": "https://registry.npmjs.org/@openai/codex/-/codex-0.145.0-win32-arm64.tgz",
      "integrity": "sha512-sub61rjEFevi1i3Zx7nAd4JM5XxoNFqMqFc5LfTo2xSI8ixHjFvEYDFDXwXOftT04n3Ht1Wh271ioUZpDiEjEg==",
      "cpu": [
        "arm64"
      ],
      "license": "Apache-2.0",
      "optional": true,
      "os": [
        "win32"
      ],
      "engines": {
        "node": ">=16"
      }
    },
    "node_modules/@openai/codex-win32-x64": {
      "name": "@openai/codex",
      "version": "0.145.0-win32-x64",
      "resolved": "https://registry.npmjs.org/@openai/codex/-/codex-0.145.0-win32-x64.tgz",
      "integrity": "sha512-u0h9lk094CaXRSqE34SBW2dRaQTPa6fASXqehczWH9QdsU62mBsiAgAdp6tCG4i+YzPmmhjD8FdXNnYGNmwuMg==",
      "cpu": [
        "x64"
      ],
      "license": "Apache-2.0",
      "optional": true,
      "os": [
        "win32"
      ],
      "engines": {
        "node": ">=16"
      }
    },
    "node_modules/@xai-official/grok": {
      "version": "0.2.112",
      "resolved": "https://registry.npmjs.org/@xai-official/grok/-/grok-0.2.112.tgz",
      "integrity": "sha512-dCXAiFHmn3JTOK+vPfCIzzum1GmxPB81NH73yYhqleXx1y/Ks3qjwJ+GeEXmB7eudiap98j9Nj1cDwH4lSuaOw==",
      "cpu": [
        "arm64",
        "x64"
      ],
      "hasInstallScript": true,
      "os": [
        "darwin",
        "linux",
        "win32"
      ],
      "dependencies": {
        "@iarna/toml": "^3.0.0"
      },
      "bin": {
        "grok": "bin/grok"
      },
      "engines": {
        "node": ">=20"
      },
      "optionalDependencies": {
        "@xai-official/grok-darwin-arm64": "0.2.112",
        "@xai-official/grok-darwin-x64": "0.2.112",
        "@xai-official/grok-linux-arm64": "0.2.112",
        "@xai-official/grok-linux-x64": "0.2.112",
        "@xai-official/grok-win32-arm64": "0.2.112",
        "@xai-official/grok-win32-x64": "0.2.112"
      }
    },
    "node_modules/@xai-official/grok-darwin-arm64": {
      "version": "0.2.112",
      "resolved": "https://registry.npmjs.org/@xai-official/grok-darwin-arm64/-/grok-darwin-arm64-0.2.112.tgz",
      "integrity": "sha512-VfKESr9UU+DN0X892+dMjFq56vQt6QwbjETtGkMztpby43tNFoZwXvVG2x1z79ko5/qq1aMZhdMJYGc8Mljkrg==",
      "cpu": [
        "arm64"
      ],
      "optional": true,
      "os": [
        "darwin"
      ]
    },
    "node_modules/@xai-official/grok-darwin-x64": {
      "version": "0.2.112",
      "resolved": "https://registry.npmjs.org/@xai-official/grok-darwin-x64/-/grok-darwin-x64-0.2.112.tgz",
      "integrity": "sha512-JP+iz9YUjmcXCwTwWqNwA9l70o4thBCpico3jeVyfP3PUT8iyKQs+xzkGB3oge1rJ79g/D+tzD3MTkPczaO5/g==",
      "cpu": [
        "x64"
      ],
      "optional": true,
      "os": [
        "darwin"
      ]
    },
    "node_modules/@xai-official/grok-linux-arm64": {
      "version": "0.2.112",
      "resolved": "https://registry.npmjs.org/@xai-official/grok-linux-arm64/-/grok-linux-arm64-0.2.112.tgz",
      "integrity": "sha512-KvPPcMBnyLDZuj+xfjkSdR5A/a3SAyGv5ElcBM+6bxLvefeH6s7NLoaeodwCIcezGkYTdvtKMovvEMx+h0LU2A==",
      "cpu": [
        "arm64"
      ],
      "optional": true,
      "os": [
        "linux"
      ]
    },
    "node_modules/@xai-official/grok-linux-x64": {
      "version": "0.2.112",
      "resolved": "https://registry.npmjs.org/@xai-official/grok-linux-x64/-/grok-linux-x64-0.2.112.tgz",
      "integrity": "sha512-2jD/00EB9xmzDQ89sSdA/CThTVqQQEgxIm/XqGIVuJXr63UST6H/aNdxPUiwz+tMkk8K12Nv6vPYHCO/H+Ae1Q==",
      "cpu": [
        "x64"
      ],
      "optional": true,
      "os": [
        "linux"
      ]
    },
    "node_modules/@xai-official/grok-win32-arm64": {
      "version": "0.2.112",
      "resolved": "https://registry.npmjs.org/@xai-official/grok-win32-arm64/-/grok-win32-arm64-0.2.112.tgz",
      "integrity": "sha512-LSQfzL3+engKov1WA/X3QLh7vxvftVFfZEe1twfkYs2iuTxyJ8rgd4JymYA0hP1SEX9RFryllNZSsHRkQqgF9A==",
      "cpu": [
        "arm64"
      ],
      "optional": true,
      "os": [
        "win32"
      ]
    },
    "node_modules/@xai-official/grok-win32-x64": {
      "version": "0.2.112",
      "resolved": "https://registry.npmjs.org/@xai-official/grok-win32-x64/-/grok-win32-x64-0.2.112.tgz",
      "integrity": "sha512-xrBENcmX2ChPmTOMiYod5nbVjkYcuPZ3/sFJ7OLUDHyjMYUME3NJUuN2sO8kBbYwGRvdiMO2D6AK6OJeUcmJow==",
      "cpu": [
        "x64"
      ],
      "optional": true,
      "os": [
        "win32"
      ]
    },
    "node_modules/bundle-name": {
      "version": "4.1.0",
      "resolved": "https://registry.npmjs.org/bundle-name/-/bundle-name-4.1.0.tgz",
      "integrity": "sha512-tjwM5exMg6BGRI+kNmTntNsvdZS1X8BFYS6tnJ2hdH0kVxM6/eVZ2xy+FqStSWvYmtfFMDLIxurorHwDKfDz5Q==",
      "license": "MIT",
      "dependencies": {
        "run-applescript": "^7.0.0"
      },
      "engines": {
        "node": ">=18"
      },
      "funding": {
        "url": "https://github.com/sponsors/sindresorhus"
      }
    },
    "node_modules/default-browser": {
      "version": "5.5.0",
      "resolved": "https://registry.npmjs.org/default-browser/-/default-browser-5.5.0.tgz",
      "integrity": "sha512-H9LMLr5zwIbSxrmvikGuI/5KGhZ8E2zH3stkMgM5LpOWDutGM2JZaj460Udnf1a+946zc7YBgrqEWwbk7zHvGw==",
      "license": "MIT",
      "dependencies": {
        "bundle-name": "^4.1.0",
        "default-browser-id": "^5.0.0"
      },
      "engines": {
        "node": ">=18"
      },
      "funding": {
        "url": "https://github.com/sponsors/sindresorhus"
      }
    },
    "node_modules/default-browser-id": {
      "version": "5.0.1",
      "resolved": "https://registry.npmjs.org/default-browser-id/-/default-browser-id-5.0.1.tgz",
      "integrity": "sha512-x1VCxdX4t+8wVfd1so/9w+vQ4vx7lKd2Qp5tDRutErwmR85OgmfX7RlLRMWafRMY7hbEiXIbudNrjOAPa/hL8Q==",
      "license": "MIT",
      "engines": {
        "node": ">=18"
      },
      "funding": {
        "url": "https://github.com/sponsors/sindresorhus"
      }
    },
    "node_modules/define-lazy-prop": {
      "version": "3.0.0",
      "resolved": "https://registry.npmjs.org/define-lazy-prop/-/define-lazy-prop-3.0.0.tgz",
      "integrity": "sha512-N+MeXYoqr3pOgn8xfyRPREN7gHakLYjhsHhWGT3fWAiL4IkAt0iDw14QiiEm2bE30c5XX5q0FtAA3CK5f9/BUg==",
      "license": "MIT",
      "engines": {
        "node": ">=12"
      },
      "funding": {
        "url": "https://github.com/sponsors/sindresorhus"
      }
    },
    "node_modules/diff": {
      "version": "9.0.0",
      "resolved": "https://registry.npmjs.org/diff/-/diff-9.0.0.tgz",
      "integrity": "sha512-svtcdpS8CgJyqAjEQIXdb3OjhFVVYjzGAPO8WGCmRbrml64SPw/jJD4GoE98aR7r25A0XcgrK3F02yw9R/vhQw==",
      "license": "BSD-3-Clause",
      "engines": {
        "node": ">=0.3.1"
      }
    },
    "node_modules/is-docker": {
      "version": "3.0.0",
      "resolved": "https://registry.npmjs.org/is-docker/-/is-docker-3.0.0.tgz",
      "integrity": "sha512-eljcgEDlEns/7AXFosB5K/2nCM4P7FQPkGc/DWLy5rmFEWvZayGrik1d9/QIY5nJ4f9YsVvBkA6kJpHn9rISdQ==",
      "license": "MIT",
      "bin": {
        "is-docker": "cli.js"
      },
      "engines": {
        "node": "^12.20.0 || ^14.13.1 || >=16.0.0"
      },
      "funding": {
        "url": "https://github.com/sponsors/sindresorhus"
      }
    },
    "node_modules/is-in-ssh": {
      "version": "1.0.0",
      "resolved": "https://registry.npmjs.org/is-in-ssh/-/is-in-ssh-1.0.0.tgz",
      "integrity": "sha512-jYa6Q9rH90kR1vKB6NM7qqd1mge3Fx4Dhw5TVlK1MUBqhEOuCagrEHMevNuCcbECmXZ0ThXkRm+Ymr51HwEPAw==",
      "license": "MIT",
      "engines": {
        "node": ">=20"
      },
      "funding": {
        "url": "https://github.com/sponsors/sindresorhus"
      }
    },
    "node_modules/is-inside-container": {
      "version": "1.0.0",
      "resolved": "https://registry.npmjs.org/is-inside-container/-/is-inside-container-1.0.0.tgz",
      "integrity": "sha512-KIYLCCJghfHZxqjYBE7rEy0OBuTd5xCHS7tHVgvCLkx7StIoaxwNW3hCALgEUjFfeRk+MG/Qxmp/vtETEF3tRA==",
      "license": "MIT",
      "dependencies": {
        "is-docker": "^3.0.0"
      },
      "bin": {
        "is-inside-container": "cli.js"
      },
      "engines": {
        "node": ">=14.16"
      },
      "funding": {
        "url": "https://github.com/sponsors/sindresorhus"
      }
    },
    "node_modules/is-wsl": {
      "version": "3.1.1",
      "resolved": "https://registry.npmjs.org/is-wsl/-/is-wsl-3.1.1.tgz",
      "integrity": "sha512-e6rvdUCiQCAuumZslxRJWR/Doq4VpPR82kqclvcS0efgt430SlGIk05vdCN58+VrzgtIcfNODjozVielycD4Sw==",
      "license": "MIT",
      "dependencies": {
        "is-inside-container": "^1.0.0"
      },
      "engines": {
        "node": ">=16"
      },
      "funding": {
        "url": "https://github.com/sponsors/sindresorhus"
      }
    },
    "node_modules/nan": {
      "version": "2.28.0",
      "resolved": "https://registry.npmjs.org/nan/-/nan-2.28.0.tgz",
      "integrity": "sha512-fTsDz99OTq2sVePhGdp4qQhggZFtKr64ZNVyVajRKtMOkJxYekplBh577PiJB12v/D3s2E5cGtOI45LWp6rnLQ==",
      "license": "MIT",
      "optional": true
    },
    "node_modules/node-addon-api": {
      "version": "8.9.0",
      "resolved": "https://registry.npmjs.org/node-addon-api/-/node-addon-api-8.9.0.tgz",
      "integrity": "sha512-ekZMeaaIzSQTSpr7X2X3iJM7lTzgnx8ahAG9pJfT/7+14mlEM8ZYQ9cgCDvSSRbReFK0oHli3WrZdCiRsgAT9Q==",
      "license": "MIT",
      "optional": true,
      "engines": {
        "node": "^18 || ^20 || >= 21"
      }
    },
    "node_modules/node-pty": {
      "version": "1.0.0",
      "resolved": "https://registry.npmjs.org/node-pty/-/node-pty-1.0.0.tgz",
      "integrity": "sha512-wtBMWWS7dFZm/VgqElrTvtfMq4GzJ6+edFI0Y0zyzygUSZMgZdraDUMUhCIvkjhJjme15qWmbyJbtAx4ot4uZA==",
      "hasInstallScript": true,
      "license": "MIT",
      "optional": true,
      "dependencies": {
        "nan": "^2.17.0"
      }
    },
    "node_modules/open": {
      "version": "11.0.0",
      "resolved": "https://registry.npmjs.org/open/-/open-11.0.0.tgz",
      "integrity": "sha512-smsWv2LzFjP03xmvFoJ331ss6h+jixfA4UUV/Bsiyuu4YJPfN+FIQGOIiv4w9/+MoHkfkJ22UIaQWRVFRfH6Vw==",
      "license": "MIT",
      "dependencies": {
        "default-browser": "^5.4.0",
        "define-lazy-prop": "^3.0.0",
        "is-in-ssh": "^1.0.0",
        "is-inside-container": "^1.0.0",
        "powershell-utils": "^0.1.0",
        "wsl-utils": "^0.3.0"
      },
      "engines": {
        "node": ">=20"
      },
      "funding": {
        "url": "https://github.com/sponsors/sindresorhus"
      }
    },
    "node_modules/powershell-utils": {
      "version": "0.1.0",
      "resolved": "https://registry.npmjs.org/powershell-utils/-/powershell-utils-0.1.0.tgz",
      "integrity": "sha512-dM0jVuXJPsDN6DvRpea484tCUaMiXWjuCn++HGTqUWzGDjv5tZkEZldAJ/UMlqRYGFrD/etByo4/xOuC/snX2A==",
      "license": "MIT",
      "engines": {
        "node": ">=20"
      },
      "funding": {
        "url": "https://github.com/sponsors/sindresorhus"
      }
    },
    "node_modules/run-applescript": {
      "version": "7.1.0",
      "resolved": "https://registry.npmjs.org/run-applescript/-/run-applescript-7.1.0.tgz",
      "integrity": "sha512-DPe5pVFaAsinSaV6QjQ6gdiedWDcRCbUuiQfQa2wmWV7+xC9bGulGI8+TdRmoFkAPaBXk8CrAbnlY2ISniJ47Q==",
      "license": "MIT",
      "engines": {
        "node": ">=18"
      },
      "funding": {
        "url": "https://github.com/sponsors/sindresorhus"
      }
    },
    "node_modules/vscode-jsonrpc": {
      "version": "9.0.1",
      "resolved": "https://registry.npmjs.org/vscode-jsonrpc/-/vscode-jsonrpc-9.0.1.tgz",
      "integrity": "sha512-rfuA6T75H6m5EkbhtEPzre9pT0HPcDI2MMy4+nPFIBks5J8JBAUHD4tRYSgaBOijIEC7SRkC1kKyXTLqbmh9jw==",
      "license": "MIT",
      "engines": {
        "node": ">=14.0.0"
      }
    },
    "node_modules/wsl-utils": {
      "version": "0.3.1",
      "resolved": "https://registry.npmjs.org/wsl-utils/-/wsl-utils-0.3.1.tgz",
      "integrity": "sha512-g/eziiSUNBSsdDJtCLB8bdYEUMj4jR7AGeUo96p/3dTafgjHhpF4RiCFPiRILwjQoDXx5MqkBr4fwWtR3Ky4Wg==",
      "license": "MIT",
      "dependencies": {
        "is-wsl": "^3.1.0",
        "powershell-utils": "^0.1.0"
      },
      "engines": {
        "node": ">=20"
      },
      "funding": {
        "url": "https://github.com/sponsors/sindresorhus"
      }
    },
    "node_modules/zod": {
      "version": "4.4.3",
      "resolved": "https://registry.npmjs.org/zod/-/zod-4.4.3.tgz",
      "integrity": "sha512-ytENFjIJFl2UwYglde2jchW2Hwm4GJFLDiSXWdTrJQBIN9Fcyp7n4DhxJEiWNAJMV1/BqWfW/kkg71UDcHJyTQ==",
      "license": "MIT",
      "funding": {
        "url": "https://github.com/sponsors/colinhacks"
      }
    }
  }
}
